
Microsoft Visual Studio Solution File, Format Version 12.00
# Visual Studio Version 17
VisualStudioVersion = 17.0.31903.59
MinimumVisualStudioVersion = 10.0.40219.1
Project("{2150E333-8FDC-42A3-9474-1A3956D46DE8}") = "src", "src", "{827E0CD3-B72D-47B6-A68D-7590B98EB39B}"
EndProject
Project("{FAE04EC0-301F-11D3-BF4B-00C04F79EFBC}") = "DocumentAssistant.Domain", "src\DocumentAssistant.Domain\DocumentAssistant.Domain.csproj", "{36185196-F39E-489B-BD8F-507F71FEA81E}"
EndProject
Project("{FAE04EC0-301F-11D3-BF4B-00C04F79EFBC}") = "DocumentAssistant.Shared", "src\DocumentAssistant.Shared\DocumentAssistant.Shared.csproj", "{B7025C54-46D0-4C56-9AD1-C610F289D3CF}"
EndProject
Project("{FAE04EC0-301F-11D3-BF4B-00C04F79EFBC}") = "DocumentAssistant.Application", "src\DocumentAssistant.Application\DocumentAssistant.Application.csproj", "{D929651B-FF22-420B-B5E0-0592FDA9C3A2}"
EndProject
Project("{FAE04EC0-301F-11D3-BF4B-00C04F79EFBC}") = "DocumentAssistant.Persistence", "src\DocumentAssistant.Persistence\DocumentAssistant.Persistence.csproj", "{DD4603A3-BA52-4BD2-B65E-DDBCF96EF99A}"
EndProject
Project("{FAE04EC0-301F-11D3-BF4B-00C04F79EFBC}") = "DocumentAssistant.Infrastructure", "src\DocumentAssistant.Infrastructure\DocumentAssistant.Infrastructure.csproj", "{9804B53C-50FB-422E-BC7C-48CC43331E3C}"
EndProject
Project("{FAE04EC0-301F-11D3-BF4B-00C04F79EFBC}") = "DocumentAssistant.SemanticKernel", "src\DocumentAssistant.SemanticKernel\DocumentAssistant.SemanticKernel.csproj", "{9AA0539E-C598-4FEB-8C88-1D48E89DF8D2}"
EndProject
Project("{FAE04EC0-301F-11D3-BF4B-00C04F79EFBC}") = "DocumentAssistant.VectorStore", "src\DocumentAssistant.VectorStore\DocumentAssistant.VectorStore.csproj", "{850F1567-62F5-44E6-A4C6-EAFB89E0A87D}"
EndProject
Project("{FAE04EC0-301F-11D3-BF4B-00C04F79EFBC}") = "DocumentAssistant.API", "src\DocumentAssistant.API\DocumentAssistant.API.csproj", "{4A332689-E242-49BC-8650-E599CF63E28E}"
EndProject
Project("{FAE04EC0-301F-11D3-BF4B-00C04F79EFBC}") = "DocumentAssistant.Tests", "src\DocumentAssistant.Tests\DocumentAssistant.Tests.csproj", "{B2233D37-431F-464C-BEA6-5E4182686BB8}"
EndProject
Global
	GlobalSection(SolutionConfigurationPlatforms) = preSolution
		Debug|Any CPU = Debug|Any CPU
		Debug|x64 = Debug|x64
		Debug|x86 = Debug|x86
		Release|Any CPU = Release|Any CPU
		Release|x64 = Release|x64
		Release|x86 = Release|x86
	EndGlobalSection
	GlobalSection(ProjectConfigurationPlatforms) = postSolution
		{36185196-F39E-489B-BD8F-507F71FEA81E}.Debug|Any CPU.ActiveCfg = Debug|Any CPU
		{36185196-F39E-489B-BD8F-507F71FEA81E}.Debug|Any CPU.Build.0 = Debug|Any CPU
		{36185196-F39E-489B-BD8F-507F71FEA81E}.Debug|x64.ActiveCfg = Debug|Any CPU
		{36185196-F39E-489B-BD8F-507F71FEA81E}.Debug|x64.Build.0 = Debug|Any CPU
		{36185196-F39E-489B-BD8F-507F71FEA81E}.Debug|x86.ActiveCfg = Debug|Any CPU
		{36185196-F39E-489B-BD8F-507F71FEA81E}.Debug|x86.Build.0 = Debug|Any CPU
		{36185196-F39E-489B-BD8F-507F71FEA81E}.Release|Any CPU.ActiveCfg = Release|Any CPU
		{36185196-F39E-489B-BD8F-507F71FEA81E}.Release|Any CPU.Build.0 = Release|Any CPU
		{36185196-F39E-489B-BD8F-507F71FEA81E}.Release|x64.ActiveCfg = Release|Any CPU
		{36185196-F39E-489B-BD8F-507F71FEA81E}.Release|x64.Build.0 = Release|Any CPU
		{36185196-F39E-489B-BD8F-507F71FEA81E}.Release|x86.ActiveCfg = Release|Any CPU
		{36185196-F39E-489B-BD8F-507F71FEA81E}.Release|x86.Build.0 = Release|Any CPU
		{B7025C54-46D0-4C56-9AD1-C610F289D3CF}.Debug|Any CPU.ActiveCfg = Debug|Any CPU
		{B7025C54-46D0-4C56-9AD1-C610F289D3CF}.Debug|Any CPU.Build.0 = Debug|Any CPU
		{B7025C54-46D0-4C56-9AD1-C610F289D3CF}.Debug|x64.ActiveCfg = Debug|Any CPU
		{B7025C54-46D0-4C56-9AD1-C610F289D3CF}.Debug|x64.Build.0 = Debug|Any CPU
		{B7025C54-46D0-4C56-9AD1-C610F289D3CF}.Debug|x86.ActiveCfg = Debug|Any CPU
		{B7025C54-46D0-4C56-9AD1-C610F289D3CF}.Debug|x86.Build.0 = Debug|Any CPU
		{B7025C54-46D0-4C56-9AD1-C610F289D3CF}.Release|Any CPU.ActiveCfg = Release|Any CPU
		{B7025C54-46D0-4C56-9AD1-C610F289D3CF}.Release|Any CPU.Build.0 = Release|Any CPU
		{B7025C54-46D0-4C56-9AD1-C610F289D3CF}.Release|x64.ActiveCfg = Release|Any CPU
		{B7025C54-46D0-4C56-9AD1-C610F289D3CF}.Release|x64.Build.0 = Release|Any CPU
		{B7025C54-46D0-4C56-9AD1-C610F289D3CF}.Release|x86.ActiveCfg = Release|Any CPU
		{B7025C54-46D0-4C56-9AD1-C610F289D3CF}.Release|x86.Build.0 = Release|Any CPU
		{D929651B-FF22-420B-B5E0-0592FDA9C3A2}.Debug|Any CPU.ActiveCfg = Debug|Any CPU
		{D929651B-FF22-420B-B5E0-0592FDA9C3A2}.Debug|Any CPU.Build.0 = Debug|Any CPU
		{D929651B-FF22-420B-B5E0-0592FDA9C3A2}.Debug|x64.ActiveCfg = Debug|Any CPU
		{D929651B-FF22-420B-B5E0-0592FDA9C3A2}.Debug|x64.Build.0 = Debug|Any CPU
		{D929651B-FF22-420B-B5E0-0592FDA9C3A2}.Debug|x86.ActiveCfg = Debug|Any CPU
		{D929651B-FF22-420B-B5E0-0592FDA9C3A2}.Debug|x86.Build.0 = Debug|Any CPU
		{D929651B-FF22-420B-B5E0-0592FDA9C3A2}.Release|Any CPU.ActiveCfg = Release|Any CPU
		{D929651B-FF22-420B-B5E0-0592FDA9C3A2}.Release|Any CPU.Build.0 = Release|Any CPU
		{D929651B-FF22-420B-B5E0-0592FDA9C3A2}.Release|x64.ActiveCfg = Release|Any CPU
		{D929651B-FF22-420B-B5E0-0592FDA9C3A2}.Release|x64.Build.0 = Release|Any CPU
		{D929651B-FF22-420B-B5E0-0592FDA9C3A2}.Release|x86.ActiveCfg = Release|Any CPU
		{D929651B-FF22-420B-B5E0-0592FDA9C3A2}.Release|x86.Build.0 = Release|Any CPU
		{DD4603A3-BA52-4BD2-B65E-DDBCF96EF99A}.Debug|Any CPU.ActiveCfg = Debug|Any CPU
		{DD4603A3-BA52-4BD2-B65E-DDBCF96EF99A}.Debug|Any CPU.Build.0 = Debug|Any CPU
		{DD4603A3-BA52-4BD2-B65E-DDBCF96EF99A}.Debug|x64.ActiveCfg = Debug|Any CPU
		{DD4603A3-BA52-4BD2-B65E-DDBCF96EF99A}.Debug|x64.Build.0 = Debug|Any CPU
		{DD4603A3-BA52-4BD2-B65E-DDBCF96EF99A}.Debug|x86.ActiveCfg = Debug|Any CPU
		{DD4603A3-BA52-4BD2-B65E-DDBCF96EF99A}.Debug|x86.Build.0 = Debug|Any CPU
		{DD4603A3-BA52-4BD2-B65E-DDBCF96EF99A}.Release|Any CPU.ActiveCfg = Release|Any CPU
		{DD4603A3-BA52-4BD2-B65E-DDBCF96EF99A}.Release|Any CPU.Build.0 = Release|Any CPU
		{DD4603A3-BA52-4BD2-B65E-DDBCF96EF99A}.Release|x64.ActiveCfg = Release|Any CPU
		{DD4603A3-BA52-4BD2-B65E-DDBCF96EF99A}.Release|x64.Build.0 = Release|Any CPU
		{DD4603A3-BA52-4BD2-B65E-DDBCF96EF99A}.Release|x86.ActiveCfg = Release|Any CPU
		{DD4603A3-BA52-4BD2-B65E-DDBCF96EF99A}.Release|x86.Build.0 = Release|Any CPU
		{9804B53C-50FB-422E-BC7C-48CC43331E3C}.Debug|Any CPU.ActiveCfg = Debug|Any CPU
		{9804B53C-50FB-422E-BC7C-48CC43331E3C}.Debug|Any CPU.Build.0 = Debug|Any CPU
		{9804B53C-50FB-422E-BC7C-48CC43331E3C}.Debug|x64.ActiveCfg = Debug|Any CPU
		{9804B53C-50FB-422E-BC7C-48CC43331E3C}.Debug|x64.Build.0 = Debug|Any CPU
		{9804B53C-50FB-422E-BC7C-48CC43331E3C}.Debug|x86.ActiveCfg = Debug|Any CPU
		{9804B53C-50FB-422E-BC7C-48CC43331E3C}.Debug|x86.Build.0 = Debug|Any CPU
		{9804B53C-50FB-422E-BC7C-48CC43331E3C}.Release|Any CPU.ActiveCfg = Release|Any CPU
		{9804B53C-50FB-422E-BC7C-48CC43331E3C}.Release|Any CPU.Build.0 = Release|Any CPU
		{9804B53C-50FB-422E-BC7C-48CC43331E3C}.Release|x64.ActiveCfg = Release|Any CPU
		{9804B53C-50FB-422E-BC7C-48CC43331E3C}.Release|x64.Build.0 = Release|Any CPU
		{9804B53C-50FB-422E-BC7C-48CC43331E3C}.Release|x86.ActiveCfg = Release|Any CPU
		{9804B53C-50FB-422E-BC7C-48CC43331E3C}.Release|x86.Build.0 = Release|Any CPU
		{9AA0539E-C598-4FEB-8C88-1D48E89DF8D2}.Debug|Any CPU.ActiveCfg = Debug|Any CPU
		{9AA0539E-C598-4FEB-8C88-1D48E89DF8D2}.Debug|Any CPU.Build.0 = Debug|Any CPU
		{9AA0539E-C598-4FEB-8C88-1D48E89DF8D2}.Debug|x64.ActiveCfg = Debug|Any CPU
		{9AA0539E-C598-4FEB-8C88-1D48E89DF8D2}.Debug|x64.Build.0 = Debug|Any CPU
		{9AA0539E-C598-4FEB-8C88-1D48E89DF8D2}.Debug|x86.ActiveCfg = Debug|Any CPU
		{9AA0539E-C598-4FEB-8C88-1D48E89DF8D2}.Debug|x86.Build.0 = Debug|Any CPU
		{9AA0539E-C598-4FEB-8C88-1D48E89DF8D2}.Release|Any CPU.ActiveCfg = Release|Any CPU
		{9AA0539E-C598-4FEB-8C88-1D48E89DF8D2}.Release|Any CPU.Build.0 = Release|Any CPU
		{9AA0539E-C598-4FEB-8C88-1D48E89DF8D2}.Release|x64.ActiveCfg = Release|Any CPU
		{9AA0539E-C598-4FEB-8C88-1D48E89DF8D2}.Release|x64.Build.0 = Release|Any CPU
		{9AA0539E-C598-4FEB-8C88-1D48E89DF8D2}.Release|x86.ActiveCfg = Release|Any CPU
		{9AA0539E-C598-4FEB-8C88-1D48E89DF8D2}.Release|x86.Build.0 = Release|Any CPU
		{850F1567-62F5-44E6-A4C6-EAFB89E0A87D}.Debug|Any CPU.ActiveCfg = Debug|Any CPU
		{850F1567-62F5-44E6-A4C6-EAFB89E0A87D}.Debug|Any CPU.Build.0 = Debug|Any CPU
		{850F1567-62F5-44E6-A4C6-EAFB89E0A87D}.Debug|x64.ActiveCfg = Debug|Any CPU
		{850F1567-62F5-44E6-A4C6-EAFB89E0A87D}.Debug|x64.Build.0 = Debug|Any CPU
		{850F1567-62F5-44E6-A4C6-EAFB89E0A87D}.Debug|x86.ActiveCfg = Debug|Any CPU
		{850F1567-62F5-44E6-A4C6-EAFB89E0A87D}.Debug|x86.Build.0 = Debug|Any CPU
		{850F1567-62F5-44E6-A4C6-EAFB89E0A87D}.Release|Any CPU.ActiveCfg = Release|Any CPU
		{850F1567-62F5-44E6-A4C6-EAFB89E0A87D}.Release|Any CPU.Build.0 = Release|Any CPU
		{850F1567-62F5-44E6-A4C6-EAFB89E0A87D}.Release|x64.ActiveCfg = Release|Any CPU
		{850F1567-62F5-44E6-A4C6-EAFB89E0A87D}.Release|x64.Build.0 = Release|Any CPU
		{850F1567-62F5-44E6-A4C6-EAFB89E0A87D}.Release|x86.ActiveCfg = Release|Any CPU
		{850F1567-62F5-44E6-A4C6-EAFB89E0A87D}.Release|x86.Build.0 = Release|Any CPU
		{4A332689-E242-49BC-8650-E599CF63E28E}.Debug|Any CPU.ActiveCfg = Debug|Any CPU
		{4A332689-E242-49BC-8650-E599CF63E28E}.Debug|Any CPU.Build.0 = Debug|Any CPU
		{4A332689-E242-49BC-8650-E599CF63E28E}.Debug|x64.ActiveCfg = Debug|Any CPU
		{4A332689-E242-49BC-8650-E599CF63E28E}.Debug|x64.Build.0 = Debug|Any CPU
		{4A332689-E242-49BC-8650-E599CF63E28E}.Debug|x86.ActiveCfg = Debug|Any CPU
		{4A332689-E242-49BC-8650-E599CF63E28E}.Debug|x86.Build.0 = Debug|Any CPU
		{4A332689-E242-49BC-8650-E599CF63E28E}.Release|Any CPU.ActiveCfg = Release|Any CPU
		{4A332689-E242-49BC-8650-E599CF63E28E}.Release|Any CPU.Build.0 = Release|Any CPU
		{4A332689-E242-49BC-8650-E599CF63E28E}.Release|x64.ActiveCfg = Release|Any CPU
		{4A332689-E242-49BC-8650-E599CF63E28E}.Release|x64.Build.0 = Release|Any CPU
		{4A332689-E242-49BC-8650-E599CF63E28E}.Release|x86.ActiveCfg = Release|Any CPU
		{4A332689-E242-49BC-8650-E599CF63E28E}.Release|x86.Build.0 = Release|Any CPU
		{B2233D37-431F-464C-BEA6-5E4182686BB8}.Debug|Any CPU.ActiveCfg = Debug|Any CPU
		{B2233D37-431F-464C-BEA6-5E4182686BB8}.Debug|Any CPU.Build.0 = Debug|Any CPU
		{B2233D37-431F-464C-BEA6-5E4182686BB8}.Debug|x64.ActiveCfg = Debug|Any CPU
		{B2233D37-431F-464C-BEA6-5E4182686BB8}.Debug|x64.Build.0 = Debug|Any CPU
		{B2233D37-431F-464C-BEA6-5E4182686BB8}.Debug|x86.ActiveCfg = Debug|Any CPU
		{B2233D37-431F-464C-BEA6-5E4182686BB8}.Debug|x86.Build.0 = Debug|Any CPU
		{B2233D37-431F-464C-BEA6-5E4182686BB8}.Release|Any CPU.ActiveCfg = Release|Any CPU
		{B2233D37-431F-464C-BEA6-5E4182686BB8}.Release|Any CPU.Build.0 = Release|Any CPU
		{B2233D37-431F-464C-BEA6-5E4182686BB8}.Release|x64.ActiveCfg = Release|Any CPU
		{B2233D37-431F-464C-BEA6-5E4182686BB8}.Release|x64.Build.0 = Release|Any CPU
		{B2233D37-431F-464C-BEA6-5E4182686BB8}.Release|x86.ActiveCfg = Release|Any CPU
		{B2233D37-431F-464C-BEA6-5E4182686BB8}.Release|x86.Build.0 = Release|Any CPU
	EndGlobalSection
	GlobalSection(SolutionProperties) = preSolution
		HideSolutionNode = FALSE
	EndGlobalSection
	GlobalSection(NestedProjects) = preSolution
		{36185196-F39E-489B-BD8F-507F71FEA81E} = {827E0CD3-B72D-47B6-A68D-7590B98EB39B}
		{B7025C54-46D0-4C56-9AD1-C610F289D3CF} = {827E0CD3-B72D-47B6-A68D-7590B98EB39B}
		{D929651B-FF22-420B-B5E0-0592FDA9C3A2} = {827E0CD3-B72D-47B6-A68D-7590B98EB39B}
		{DD4603A3-BA52-4BD2-B65E-DDBCF96EF99A} = {827E0CD3-B72D-47B6-A68D-7590B98EB39B}
		{9804B53C-50FB-422E-BC7C-48CC43331E3C} = {827E0CD3-B72D-47B6-A68D-7590B98EB39B}
		{9AA0539E-C598-4FEB-8C88-1D48E89DF8D2} = {827E0CD3-B72D-47B6-A68D-7590B98EB39B}
		{850F1567-62F5-44E6-A4C6-EAFB89E0A87D} = {827E0CD3-B72D-47B6-A68D-7590B98EB39B}
		{4A332689-E242-49BC-8650-E599CF63E28E} = {827E0CD3-B72D-47B6-A68D-7590B98EB39B}
		{B2233D37-431F-464C-BEA6-5E4182686BB8} = {827E0CD3-B72D-47B6-A68D-7590B98EB39B}
	EndGlobalSection
EndGlobal
